{
    "name": "@internal/gen-grpc",
    "version": "1.0.0",
    "lockfileVersion": 1,
    "requires": true,
    "dependencies": {
        "@mapbox/node-pre-gyp": {
            "version": "1.0.6",
            "resolved": "https://registry.npmjs.org/@mapbox/node-pre-gyp/-/node-pre-gyp-1.0.6.tgz",
            "integrity": "sha512-qK1ECws8UxuPqOA8F5LFD90vyVU33W7N3hGfgsOVfrJaRVc8McC3JClTDHpeSbL9CBrOHly/4GsNPAvIgNZE+g==",
            "dev": true,
            "requires": {
                "detect-libc": "^1.0.3",
                "https-proxy-agent": "^5.0.0",
                "make-dir": "^3.1.0",
                "node-fetch": "^2.6.5",
                "nopt": "^5.0.0",
                "npmlog": "^5.0.1",
                "rimraf": "^3.0.2",
                "semver": "^7.3.5",
                "tar": "^6.1.11"
            }
        },
        "@types/google-protobuf": {
            "version": "3.15.5",
            "resolved": "https://registry.npmjs.org/@types/google-protobuf/-/google-protobuf-3.15.5.tgz",
            "integrity": "sha512-6bgv24B+A2bo9AfzReeg5StdiijKzwwnRflA8RLd1V4Yv995LeTmo0z69/MPbBDFSiZWdZHQygLo/ccXhMEDgw==",
            "dev": true
        },
        "abbrev": {
            "version": "1.1.1",
            "resolved": "https://registry.npmjs.org/abbrev/-/abbrev-1.1.1.tgz",
            "integrity": "sha512-nne9/IiQ/hzIhY6pdDnbBtz7DjPTKrY00P/zvPSm5pOFkl6xuGrGnXn/VtTNNfNtAfZ9/1RtehkszU9qcTii0Q==",
            "dev": true
        },
        "agent-base": {
            "version": "6.0.2",
            "resolved": "https://registry.npmjs.org/agent-base/-/agent-base-6.0.2.tgz",
            "integrity": "sha512-RZNwNclF7+MS/8bDg70amg32dyeZGZxiDuQmZxKLAlQjr3jGyLx+4Kkk58UO7D2QdgFIQCovuSuZESne6RG6XQ==",
            "dev": true,
            "requires": {
                "debug": "4"
            }
        },
        "ansi-regex": {
            "version": "3.0.0",
            "resolved": "https://registry.npmjs.org/ansi-regex/-/ansi-regex-3.0.0.tgz",
            "integrity": "sha1-7QMXwyIGT3lGbAKWa922Bas32Zg=",
            "dev": true
        },
        "aproba": {
            "version": "2.0.0",
            "resolved": "https://registry.npmjs.org/aproba/-/aproba-2.0.0.tgz",
            "integrity": "sha512-lYe4Gx7QT+MKGbDsA+Z+he/Wtef0BiwDOlK/XkBrdfsh9J/jPPXbX0tE9x9cl27Tmu5gg3QUbUrQYa/y+KOHPQ==",
            "dev": true
        },
        "are-we-there-yet": {
            "version": "2.0.0",
            "resolved": "https://registry.npmjs.org/are-we-there-yet/-/are-we-there-yet-2.0.0.tgz",
            "integrity": "sha512-Ci/qENmwHnsYo9xKIcUJN5LeDKdJ6R1Z1j9V/J5wyq8nh/mYPEpIKJbBZXtZjG04HiK7zV/p6Vs9952MrMeUIw==",
            "dev": true,
            "requires": {
                "delegates": "^1.0.0",
                "readable-stream": "^3.6.0"
            }
        },
        "balanced-match": {
            "version": "1.0.2",
            "resolved": "https://registry.npmjs.org/balanced-match/-/balanced-match-1.0.2.tgz",
            "integrity": "sha512-3oSeUO0TMV67hN1AmbXsK4yaqU7tjiHlbxRDZOpH0KW9+CeX4bRAaX0Anxt0tx2MrpRpWwQaPwIlISEJhYU5Pw==",
            "dev": true
        },
        "brace-expansion": {
            "version": "1.1.11",
            "resolved": "https://registry.npmjs.org/brace-expansion/-/brace-expansion-1.1.11.tgz",
            "integrity": "sha512-iCuPHDFgrHX7H2vEI/5xpz07zSHB00TpugqhmYtVmMO6518mCuRMoOYFldEBl0g187ufozdaHgWKcYFb61qGiA==",
            "dev": true,
            "requires": {
                "balanced-match": "^1.0.0",
                "concat-map": "0.0.1"
            }
        },
        "chownr": {
            "version": "2.0.0",
            "resolved": "https://registry.npmjs.org/chownr/-/chownr-2.0.0.tgz",
            "integrity": "sha512-bIomtDF5KGpdogkLd9VspvFzk9KfpyyGlS8YFVZl7TGPBHL5snIOnxeshwVgPteQ9b4Eydl+pVbIyE1DcvCWgQ==",
            "dev": true
        },
        "color-support": {
            "version": "1.1.3",
            "resolved": "https://registry.npmjs.org/color-support/-/color-support-1.1.3.tgz",
            "integrity": "sha512-qiBjkpbMLO/HL68y+lh4q0/O1MZFj2RX6X/KmMa3+gJD3z+WwI1ZzDHysvqHGS3mP6mznPckpXmw1nI9cJjyRg==",
            "dev": true
        },
        "concat-map": {
            "version": "0.0.1",
            "resolved": "https://registry.npmjs.org/concat-map/-/concat-map-0.0.1.tgz",
            "integrity": "sha1-2Klr13/Wjfd5OnMDajug1UBdR3s=",
            "dev": true
        },
        "console-control-strings": {
            "version": "1.1.0",
            "resolved": "https://registry.npmjs.org/console-control-strings/-/console-control-strings-1.1.0.tgz",
            "integrity": "sha1-PXz0Rk22RG6mRL9LOVB/mFEAjo4=",
            "dev": true
        },
        "debug": {
            "version": "4.3.2",
            "resolved": "https://registry.npmjs.org/debug/-/debug-4.3.2.tgz",
            "integrity": "sha512-mOp8wKcvj7XxC78zLgw/ZA+6TSgkoE2C/ienthhRD298T7UNwAg9diBpLRxC0mOezLl4B0xV7M0cCO6P/O0Xhw==",
            "dev": true,
            "requires": {
                "ms": "2.1.2"
            }
        },
        "delegates": {
            "version": "1.0.0",
            "resolved": "https://registry.npmjs.org/delegates/-/delegates-1.0.0.tgz",
            "integrity": "sha1-hMbhWbgZBP3KWaDvRM2HDTElD5o=",
            "dev": true
        },
        "detect-libc": {
            "version": "1.0.3",
            "resolved": "https://registry.npmjs.org/detect-libc/-/detect-libc-1.0.3.tgz",
            "integrity": "sha1-+hN8S9aY7fVc1c0CrFWfkaTEups=",
            "dev": true
        },
        "fs-minipass": {
            "version": "2.1.0",
            "resolved": "https://registry.npmjs.org/fs-minipass/-/fs-minipass-2.1.0.tgz",
            "integrity": "sha512-V/JgOLFCS+R6Vcq0slCuaeWEdNC3ouDlJMNIsacH2VtALiu9mV4LPrHc5cDl8k5aw6J8jwgWWpiTo5RYhmIzvg==",
            "dev": true,
            "requires": {
                "minipass": "^3.0.0"
            }
        },
        "fs.realpath": {
            "version": "1.0.0",
            "resolved": "https://registry.npmjs.org/fs.realpath/-/fs.realpath-1.0.0.tgz",
            "integrity": "sha1-FQStJSMVjKpA20onh8sBQRmU6k8=",
            "dev": true
        },
        "gauge": {
            "version": "3.0.1",
            "resolved": "https://registry.npmjs.org/gauge/-/gauge-3.0.1.tgz",
            "integrity": "sha512-6STz6KdQgxO4S/ko+AbjlFGGdGcknluoqU+79GOFCDqqyYj5OanQf9AjxwN0jCidtT+ziPMmPSt9E4hfQ0CwIQ==",
            "dev": true,
            "requires": {
                "aproba": "^1.0.3 || ^2.0.0",
                "color-support": "^1.1.2",
                "console-control-strings": "^1.0.0",
                "has-unicode": "^2.0.1",
                "object-assign": "^4.1.1",
                "signal-exit": "^3.0.0",
                "string-width": "^1.0.1 || ^2.0.0",
                "strip-ansi": "^3.0.1 || ^4.0.0",
                "wide-align": "^1.1.2"
            }
        },
        "glob": {
            "version": "7.2.0",
            "resolved": "https://registry.npmjs.org/glob/-/glob-7.2.0.tgz",
            "integrity": "sha512-lmLf6gtyrPq8tTjSmrO94wBeQbFR3HbLHbuyD69wuyQkImp2hWqMGB47OX65FBkPffO641IP9jWa1z4ivqG26Q==",
            "dev": true,
            "requires": {
                "fs.realpath": "^1.0.0",
                "inflight": "^1.0.4",
                "inherits": "2",
                "minimatch": "^3.0.4",
                "once": "^1.3.0",
                "path-is-absolute": "^1.0.0"
            }
        },
        "google-protobuf": {
            "version": "3.19.0",
            "resolved": "https://registry.npmjs.org/google-protobuf/-/google-protobuf-3.19.0.tgz",
            "integrity": "sha512-qXGAiv3OOlaJXJNeKOBKxbBAwjsxzhx+12ZdKOkZTsqsRkyiQRmr/nBkAkqnuQ8cmA9X5NVXvObQTpHVnXE2DQ=="
        },
        "grpc-tools": {
            "version": "1.11.2",
            "resolved": "https://registry.npmjs.org/grpc-tools/-/grpc-tools-1.11.2.tgz",
            "integrity": "sha512-4+EgpnnkJraamY++oyBCw5Hp9huRYfgakjNVKbiE3PgO9Tv5ydVlRo7ZyGJ0C0SEiA7HhbVc1sNNtIyK7FiEtg==",
            "dev": true,
            "requires": {
                "@mapbox/node-pre-gyp": "^1.0.5"
            }
        },
        "grpc_tools_node_protoc_ts": {
            "version": "5.3.2",
            "resolved": "https://registry.npmjs.org/grpc_tools_node_protoc_ts/-/grpc_tools_node_protoc_ts-5.3.2.tgz",
            "integrity": "sha512-7xPSeu8bwjcird3i9R5+9O4BF2Lhv9fMBdeobfUc2Bys9tSVtm/VB3WjTpKV78WlLYJyD94+wL/8hJqaMZ53Hw==",
            "dev": true,
            "requires": {
                "google-protobuf": "3.15.8",
                "handlebars": "4.7.7"
            },
            "dependencies": {
                "google-protobuf": {
                    "version": "3.15.8",
                    "resolved": "https://registry.npmjs.org/google-protobuf/-/google-protobuf-3.15.8.tgz",
                    "integrity": "sha512-2jtfdqTaSxk0cuBJBtTTWsot4WtR9RVr2rXg7x7OoqiuOKopPrwXpM1G4dXIkLcUNRh3RKzz76C8IOkksZSeOw==",
                    "dev": true
                }
            }
        },
        "handlebars": {
            "version": "4.7.7",
            "resolved": "https://registry.npmjs.org/handlebars/-/handlebars-4.7.7.tgz",
            "integrity": "sha512-aAcXm5OAfE/8IXkcZvCepKU3VzW1/39Fb5ZuqMtgI/hT8X2YgoMvBY5dLhq/cpOvw7Lk1nK/UF71aLG/ZnVYRA==",
            "dev": true,
            "requires": {
                "minimist": "^1.2.5",
                "neo-async": "^2.6.0",
                "source-map": "^0.6.1",
                "uglify-js": "^3.1.4",
                "wordwrap": "^1.0.0"
            }
        },
        "has-unicode": {
            "version": "2.0.1",
            "resolved": "https://registry.npmjs.org/has-unicode/-/has-unicode-2.0.1.tgz",
            "integrity": "sha1-4Ob+aijPUROIVeCG0Wkedx3iqLk=",
            "dev": true
        },
        "https-proxy-agent": {
            "version": "5.0.0",
            "resolved": "https://registry.npmjs.org/https-proxy-agent/-/https-proxy-agent-5.0.0.tgz",
            "integrity": "sha512-EkYm5BcKUGiduxzSt3Eppko+PiNWNEpa4ySk9vTC6wDsQJW9rHSa+UhGNJoRYp7bz6Ht1eaRIa6QaJqO5rCFbA==",
            "dev": true,
            "requires": {
                "agent-base": "6",
                "debug": "4"
            }
        },
        "inflight": {
            "version": "1.0.6",
            "resolved": "https://registry.npmjs.org/inflight/-/inflight-1.0.6.tgz",
            "integrity": "sha1-Sb1jMdfQLQwJvJEKEHW6gWW1bfk=",
            "dev": true,
            "requires": {
                "once": "^1.3.0",
                "wrappy": "1"
            }
        },
        "inherits": {
            "version": "2.0.4",
            "resolved": "https://registry.npmjs.org/inherits/-/inherits-2.0.4.tgz",
            "integrity": "sha512-k/vGaX4/Yla3WzyMCvTQOXYeIHvqOKtnqBduzTHpzpQZzAskKMhZ2K+EnBiSM9zGSoIFeMpXKxa4dYeZIQqewQ==",
            "dev": true
        },
        "is-fullwidth-code-point": {
            "version": "2.0.0",
            "resolved": "https://registry.npmjs.org/is-fullwidth-code-point/-/is-fullwidth-code-point-2.0.0.tgz",
            "integrity": "sha1-o7MKXE8ZkYMWeqq5O+764937ZU8=",
            "dev": true
        },
        "lru-cache": {
            "version": "6.0.0",
            "resolved": "https://registry.npmjs.org/lru-cache/-/lru-cache-6.0.0.tgz",
            "integrity": "sha512-Jo6dJ04CmSjuznwJSS3pUeWmd/H0ffTlkXXgwZi+eq1UCmqQwCh+eLsYOYCwY991i2Fah4h1BEMCx4qThGbsiA==",
            "dev": true,
            "requires": {
                "yallist": "^4.0.0"
            }
        },
        "make-dir": {
            "version": "3.1.0",
            "resolved": "https://registry.npmjs.org/make-dir/-/make-dir-3.1.0.tgz",
            "integrity": "sha512-g3FeP20LNwhALb/6Cz6Dd4F2ngze0jz7tbzrD2wAV+o9FeNHe4rL+yK2md0J/fiSf1sa1ADhXqi5+oVwOM/eGw==",
            "dev": true,
            "requires": {
                "semver": "^6.0.0"
            },
            "dependencies": {
                "semver": {
                    "version": "6.3.0",
                    "resolved": "https://registry.npmjs.org/semver/-/semver-6.3.0.tgz",
                    "integrity": "sha512-b39TBaTSfV6yBrapU89p5fKekE2m/NwnDocOVruQFS1/veMgdzuPcnOM34M6CwxW8jH/lxEa5rBoDeUwu5HHTw==",
                    "dev": true
                }
            }
        },
        "minimatch": {
            "version": "3.0.4",
            "resolved": "https://registry.npmjs.org/minimatch/-/minimatch-3.0.4.tgz",
            "integrity": "sha512-yJHVQEhyqPLUTgt9B83PXu6W3rx4MvvHvSUvToogpwoGDOUQ+yDrR0HRot+yOCdCO7u4hX3pWft6kWBBcqh0UA==",
            "dev": true,
            "requires": {
                "brace-expansion": "^1.1.7"
            }
        },
        "minimist": {
            "version": "1.2.8",
            "resolved": "https://registry.npmjs.org/minimist/-/minimist-1.2.8.tgz",
            "integrity": "sha512-2yyAR8qBkN3YuheJanUpWC5U3bb5osDywNB8RzDVlDwDHbocAJveqqj1u8+SVD7jkWT4yvsHCpWqqWqAxb0zCA==",
            "dev": true
        },
        "minipass": {
            "version": "3.1.5",
            "resolved": "https://registry.npmjs.org/minipass/-/minipass-3.1.5.tgz",
            "integrity": "sha512-+8NzxD82XQoNKNrl1d/FSi+X8wAEWR+sbYAfIvub4Nz0d22plFG72CEVVaufV8PNf4qSslFTD8VMOxNVhHCjTw==",
            "dev": true,
            "requires": {
                "yallist": "^4.0.0"
            }
        },
        "minizlib": {
            "version": "2.1.2",
            "resolved": "https://registry.npmjs.org/minizlib/-/minizlib-2.1.2.tgz",
            "integrity": "sha512-bAxsR8BVfj60DWXHE3u30oHzfl4G7khkSuPW+qvpd7jFRHm7dLxOjUk1EHACJ/hxLY8phGJ0YhYHZo7jil7Qdg==",
            "dev": true,
            "requires": {
                "minipass": "^3.0.0",
                "yallist": "^4.0.0"
            }
        },
        "mkdirp": {
            "version": "1.0.4",
            "resolved": "https://registry.npmjs.org/mkdirp/-/mkdirp-1.0.4.tgz",
            "integrity": "sha512-vVqVZQyf3WLx2Shd0qJ9xuvqgAyKPLAiqITEtqW0oIUjzo3PePDd6fW9iFz30ef7Ysp/oiWqbhszeGWW2T6Gzw==",
            "dev": true
        },
        "ms": {
            "version": "2.1.2",
            "resolved": "https://registry.npmjs.org/ms/-/ms-2.1.2.tgz",
            "integrity": "sha512-sGkPx+VjMtmA6MX27oA4FBFELFCZZ4S4XqeGOXCv68tT+jb3vk/RyaKWP0PTKyWtmLSM0b+adUTEvbs1PEaH2w==",
            "dev": true
        },
        "neo-async": {
            "version": "2.6.2",
            "resolved": "https://registry.npmjs.org/neo-async/-/neo-async-2.6.2.tgz",
            "integrity": "sha512-Yd3UES5mWCSqR+qNT93S3UoYUkqAZ9lLg8a7g9rimsWmYGK8cVToA4/sF3RrshdyV3sAGMXVUmpMYOw+dLpOuw==",
            "dev": true
        },
        "node-fetch": {
            "version": "2.6.5",
            "resolved": "https://registry.npmjs.org/node-fetch/-/node-fetch-2.6.5.tgz",
            "integrity": "sha512-mmlIVHJEu5rnIxgEgez6b9GgWXbkZj5YZ7fx+2r94a2E+Uirsp6HsPTPlomfdHtpt/B0cdKviwkoaM6pyvUOpQ==",
            "dev": true,
            "requires": {
                "whatwg-url": "^5.0.0"
            }
        },
        "nopt": {
            "version": "5.0.0",
            "resolved": "https://registry.npmjs.org/nopt/-/nopt-5.0.0.tgz",
            "integrity": "sha512-Tbj67rffqceeLpcRXrT7vKAN8CwfPeIBgM7E6iBkmKLV7bEMwpGgYLGv0jACUsECaa/vuxP0IjEont6umdMgtQ==",
            "dev": true,
            "requires": {
                "abbrev": "1"
            }
        },
        "npmlog": {
            "version": "5.0.1",
            "resolved": "https://registry.npmjs.org/npmlog/-/npmlog-5.0.1.tgz",
            "integrity": "sha512-AqZtDUWOMKs1G/8lwylVjrdYgqA4d9nu8hc+0gzRxlDb1I10+FHBGMXs6aiQHFdCUUlqH99MUMuLfzWDNDtfxw==",
            "dev": true,
            "requires": {
                "are-we-there-yet": "^2.0.0",
                "console-control-strings": "^1.1.0",
                "gauge": "^3.0.0",
                "set-blocking": "^2.0.0"
            }
        },
        "object-assign": {
            "version": "4.1.1",
            "resolved": "https://registry.npmjs.org/object-assign/-/object-assign-4.1.1.tgz",
            "integrity": "sha1-IQmtx5ZYh8/AXLvUQsrIv7s2CGM=",
            "dev": true
        },
        "once": {
            "version": "1.4.0",
            "resolved": "https://registry.npmjs.org/once/-/once-1.4.0.tgz",
            "integrity": "sha1-WDsap3WWHUsROsF9nFC6753Xa9E=",
            "dev": true,
            "requires": {
                "wrappy": "1"
            }
        },
        "path-is-absolute": {
            "version": "1.0.1",
            "resolved": "https://registry.npmjs.org/path-is-absolute/-/path-is-absolute-1.0.1.tgz",
            "integrity": "sha1-F0uSaHNVNP+8es5r9TpanhtcX18=",
            "dev": true
        },
        "readable-stream": {
            "version": "3.6.0",
            "resolved": "https://registry.npmjs.org/readable-stream/-/readable-stream-3.6.0.tgz",
            "integrity": "sha512-BViHy7LKeTz4oNnkcLJ+lVSL6vpiFeX6/d3oSH8zCW7UxP2onchk+vTGB143xuFjHS3deTgkKoXXymXqymiIdA==",
            "dev": true,
            "requires": {
                "inherits": "^2.0.3",
                "string_decoder": "^1.1.1",
                "util-deprecate": "^1.0.1"
            }
        },
        "rimraf": {
            "version": "3.0.2",
            "resolved": "https://registry.npmjs.org/rimraf/-/rimraf-3.0.2.tgz",
            "integrity": "sha512-JZkJMZkAGFFPP2YqXZXPbMlMBgsxzE8ILs4lMIX/2o0L9UBw9O/Y3o6wFw/i9YLapcUJWwqbi3kdxIPdC62TIA==",
            "dev": true,
            "requires": {
                "glob": "^7.1.3"
            }
        },
        "safe-buffer": {
            "version": "5.2.1",
            "resolved": "https://registry.npmjs.org/safe-buffer/-/safe-buffer-5.2.1.tgz",
            "integrity": "sha512-rp3So07KcdmmKbGvgaNxQSJr7bGVSVk5S9Eq1F+ppbRo70+YeaDxkw5Dd8NPN+GD6bjnYm2VuPuCXmpuYvmCXQ==",
            "dev": true
        },
        "semver": {
            "version": "7.3.5",
            "resolved": "https://registry.npmjs.org/semver/-/semver-7.3.5.tgz",
            "integrity": "sha512-PoeGJYh8HK4BTO/a9Tf6ZG3veo/A7ZVsYrSA6J8ny9nb3B1VrpkuN+z9OE5wfE5p6H4LchYZsegiQgbJD94ZFQ==",
            "dev": true,
            "requires": {
                "lru-cache": "^6.0.0"
            }
        },
        "set-blocking": {
            "version": "2.0.0",
            "resolved": "https://registry.npmjs.org/set-blocking/-/set-blocking-2.0.0.tgz",
            "integrity": "sha1-BF+XgtARrppoA93TgrJDkrPYkPc=",
            "dev": true
        },
        "signal-exit": {
            "version": "3.0.5",
            "resolved": "https://registry.npmjs.org/signal-exit/-/signal-exit-3.0.5.tgz",
            "integrity": "sha512-KWcOiKeQj6ZyXx7zq4YxSMgHRlod4czeBQZrPb8OKcohcqAXShm7E20kEMle9WBt26hFcAf0qLOcp5zmY7kOqQ==",
            "dev": true
        },
        "source-map": {
            "version": "0.6.1",
            "resolved": "https://registry.npmjs.org/source-map/-/source-map-0.6.1.tgz",
            "integrity": "sha512-UjgapumWlbMhkBgzT7Ykc5YXUT46F0iKu8SGXq0bcwP5dz/h0Plj6enJqjz1Zbq2l5WaqYnrVbwWOWMyF3F47g==",
            "dev": true
        },
        "string-width": {
            "version": "2.1.1",
            "resolved": "https://registry.npmjs.org/string-width/-/string-width-2.1.1.tgz",
            "integrity": "sha512-nOqH59deCq9SRHlxq1Aw85Jnt4w6KvLKqWVik6oA9ZklXLNIOlqg4F2yrT1MVaTjAqvVwdfeZ7w7aCvJD7ugkw==",
            "dev": true,
            "requires": {
                "is-fullwidth-code-point": "^2.0.0",
                "strip-ansi": "^4.0.0"
            }
        },
        "string_decoder": {
            "version": "1.3.0",
            "resolved": "https://registry.npmjs.org/string_decoder/-/string_decoder-1.3.0.tgz",
            "integrity": "sha512-hkRX8U1WjJFd8LsDJ2yQ/wWWxaopEsABU1XfkM8A+j0+85JAGppt16cr1Whg6KIbb4okU6Mql6BOj+uup/wKeA==",
            "dev": true,
            "requires": {
                "safe-buffer": "~5.2.0"
            }
        },
        "strip-ansi": {
            "version": "4.0.0",
            "resolved": "https://registry.npmjs.org/strip-ansi/-/strip-ansi-4.0.0.tgz",
            "integrity": "sha1-qEeQIusaw2iocTibY1JixQXuNo8=",
            "dev": true,
            "requires": {
                "ansi-regex": "^3.0.0"
            }
        },
        "tar": {
            "version": "6.1.11",
            "resolved": "https://registry.npmjs.org/tar/-/tar-6.1.11.tgz",
            "integrity": "sha512-an/KZQzQUkZCkuoAA64hM92X0Urb6VpRhAFllDzz44U2mcD5scmT3zBc4VgVpkugF580+DQn8eAFSyoQt0tznA==",
            "dev": true,
            "requires": {
                "chownr": "^2.0.0",
                "fs-minipass": "^2.0.0",
                "minipass": "^3.0.0",
                "minizlib": "^2.1.1",
                "mkdirp": "^1.0.3",
                "yallist": "^4.0.0"
            }
        },
        "tr46": {
            "version": "0.0.3",
            "resolved": "https://registry.npmjs.org/tr46/-/tr46-0.0.3.tgz",
            "integrity": "sha1-gYT9NH2snNwYWZLzpmIuFLnZq2o=",
            "dev": true
        },
        "uglify-js": {
            "version": "3.14.2",
            "resolved": "https://registry.npmjs.org/uglify-js/-/uglify-js-3.14.2.tgz",
            "integrity": "sha512-rtPMlmcO4agTUfz10CbgJ1k6UAoXM2gWb3GoMPPZB/+/Ackf8lNWk11K4rYi2D0apgoFRLtQOZhb+/iGNJq26A==",
            "dev": true,
            "optional": true
        },
        "util-deprecate": {
            "version": "1.0.2",
            "resolved": "https://registry.npmjs.org/util-deprecate/-/util-deprecate-1.0.2.tgz",
            "integrity": "sha1-RQ1Nyfpw3nMnYvvS1KKJgUGaDM8=",
            "dev": true
        },
        "webidl-conversions": {
            "version": "3.0.1",
            "resolved": "https://registry.npmjs.org/webidl-conversions/-/webidl-conversions-3.0.1.tgz",
            "integrity": "sha1-JFNCdeKnvGvnvIZhHMFq4KVlSHE=",
            "dev": true
        },
        "whatwg-url": {
            "version": "5.0.0",
            "resolved": "https://registry.npmjs.org/whatwg-url/-/whatwg-url-5.0.0.tgz",
            "integrity": "sha1-lmRU6HZUYuN2RNNib2dCzotwll0=",
            "dev": true,
            "requires": {
                "tr46": "~0.0.3",
                "webidl-conversions": "^3.0.0"
            }
        },
        "wide-align": {
            "version": "1.1.5",
            "resolved": "https://registry.npmjs.org/wide-align/-/wide-align-1.1.5.tgz",
            "integrity": "sha512-eDMORYaPNZ4sQIuuYPDHdQvf4gyCF9rEEV/yPxGfwPkRodwEgiMUUXTx/dex+Me0wxx53S+NgUHaP7y3MGlDmg==",
            "dev": true,
            "requires": {
                "string-width": "^1.0.2 || 2 || 3 || 4"
            }
        },
        "wordwrap": {
            "version": "1.0.0",
            "resolved": "https://registry.npmjs.org/wordwrap/-/wordwrap-1.0.0.tgz",
            "integrity": "sha1-J1hIEIkUVqQXHI0CJkQa3pDLyus=",
            "dev": true
        },
        "wrappy": {
            "version": "1.0.2",
            "resolved": "https://registry.npmjs.org/wrappy/-/wrappy-1.0.2.tgz",
            "integrity": "sha1-tSQ9jz7BqjXxNkYFvA0QNuMKtp8=",
            "dev": true
        },
        "yallist": {
            "version": "4.0.0",
            "resolved": "https://registry.npmjs.org/yallist/-/yallist-4.0.0.tgz",
            "integrity": "sha512-3wdGidZyq5PB084XLES5TpOSRA3wjXAlIWMhum2kRcv/41Sn2emQ0dycQW4uZXLejwKvg6EsvbdlVL+FYEct7A==",
            "dev": true
        }
    }
}
